
Microsoft Visual Studio Solution File, Format Version 12.00
# Visual Studio Version 17
VisualStudioVersion = 17.3.32825.248
MinimumVisualStudioVersion = 10.0.40219.1
Project("{FAE04EC0-301F-11D3-BF4B-00C04F79EFBC}") = "ToDo.Api", "ToDo.Api\ToDo.Api.csproj", "{3E986F6D-6167-4809-9157-DB2745F7F99D}"
EndProject
Project("{FAE04EC0-301F-11D3-BF4B-00C04F79EFBC}") = "ToDo.Infastructure", "ToDo.Infastructure\ToDo.Infastructure.csproj", "{B0947A43-8632-4959-A21A-107B025BDA37}"
EndProject
Project("{FAE04EC0-301F-11D3-BF4B-00C04F79EFBC}") = "ToDo.Core", "ToDo.Core\ToDo.Core.csproj", "{97D9F0A5-E29C-40B1-9440-0CF1645590E0}"
EndProject
Global
	GlobalSection(SolutionConfigurationPlatforms) = preSolution
		Debug|Any CPU = Debug|Any CPU
		Release|Any CPU = Release|Any CPU
	EndGlobalSection
	GlobalSection(ProjectConfigurationPlatforms) = postSolution
		{3E986F6D-6167-4809-9157-DB2745F7F99D}.Debug|Any CPU.ActiveCfg = Debug|Any CPU
		{3E986F6D-6167-4809-9157-DB2745F7F99D}.Debug|Any CPU.Build.0 = Debug|Any CPU
		{3E986F6D-6167-4809-9157-DB2745F7F99D}.Release|Any CPU.ActiveCfg = Release|Any CPU
		{3E986F6D-6167-4809-9157-DB2745F7F99D}.Release|Any CPU.Build.0 = Release|Any CPU
		{B0947A43-8632-4959-A21A-107B025BDA37}.Debug|Any CPU.ActiveCfg = Debug|Any CPU
		{B0947A43-8632-4959-A21A-107B025BDA37}.Debug|Any CPU.Build.0 = Debug|Any CPU
		{B0947A43-8632-4959-A21A-107B025BDA37}.Release|Any CPU.ActiveCfg = Release|Any CPU
		{B0947A43-8632-4959-A21A-107B025BDA37}.Release|Any CPU.Build.0 = Release|Any CPU
		{97D9F0A5-E29C-40B1-9440-0CF1645590E0}.Debug|Any CPU.ActiveCfg = Debug|Any CPU
		{97D9F0A5-E29C-40B1-9440-0CF1645590E0}.Debug|Any CPU.Build.0 = Debug|Any CPU
		{97D9F0A5-E29C-40B1-9440-0CF1645590E0}.Release|Any CPU.ActiveCfg = Release|Any CPU
		{97D9F0A5-E29C-40B1-9440-0CF1645590E0}.Release|Any CPU.Build.0 = Release|Any CPU
	EndGlobalSection
	GlobalSection(SolutionProperties) = preSolution
		HideSolutionNode = FALSE
	EndGlobalSection
	GlobalSection(ExtensibilityGlobals) = postSolution
		SolutionGuid = {40301958-35CD-4C45-9F99-CE39257C35A7}
	EndGlobalSection
EndGlobal
